# This file is automatically @generated by Cargo.
# It is not intended for manual editing.
version = 4

[[package]]
name = "anyhow"
version = "1.0.104"
source = "registry+https://github.com/rust-lang/crates.io-index"
checksum = "330a5ed07fa54e4702c9d6c4174f74427fc0ef6e214bbd677ae50a5099946470"

[[package]]
name = "auto-unlock-chars"
version = "0.1.0"
dependencies = [
 "anyhow",
 "skyline",
 "skyline_smash",
]

[[package]]
name = "compile-time-lua-bind-hash"
version = "1.1.1"
source = "registry+https://github.com/rust-lang/crates.io-index"
checksum = "660bcccd4aaa4836cb685952d9ea4fb2b57d2565f4fd0c492fce4d2c0a1be0c0"
dependencies = [
 "lua_bind_hash",
 "quote",
 "syn",
]

[[package]]
name = "lazy_static"
version = "1.5.0"
source = "registry+https://github.com/rust-lang/crates.io-index"
checksum = "bbd2bcb4c963f2ddae06a2efc7e9f3591312473c50c6685e1f298068316e66fe"

[[package]]
name = "libc-nnsdk"
version = "0.4.0"
source = "registry+https://github.com/rust-lang/crates.io-index"
checksum = "ece4a9a361bf75974e2c18b719e8fd501e4e336d7a5db22d077c4f2367a94be9"

[[package]]
name = "libc-nnsdk"
version = "0.5.0"
source = "registry+https://github.com/rust-lang/crates.io-index"
checksum = "1256a11d163c7288d94909f8120ede53294d8c233df314b0e4f01cf0269707da"

[[package]]
name = "lua_bind_hash"
version = "1.0.1"
source = "registry+https://github.com/rust-lang/crates.io-index"
checksum = "ee9675fd198b39d86a7d5d20c59ae9639a3b4157f28ebd6cc09b9f1397ab118a"

[[package]]
name = "nnsdk"
version = "0.6.2"
source = "registry+https://github.com/rust-lang/crates.io-index"
checksum = "26aa8c57f278ea8e9158530faf0154ee253fe2ed49383730878d62175ace86a3"
dependencies = [
 "libc-nnsdk 0.5.0",
]

[[package]]
name = "nnsdk"
version = "0.6.2"
source = "git+https://github.com/ultimate-research/nnsdk-rs#d23f131663ec72a87c84914e6e738999f3ab403d"
dependencies = [
 "libc-nnsdk 0.5.0",
]

[[package]]
name = "paste"
version = "1.0.15"
source = "registry+https://github.com/rust-lang/crates.io-index"
checksum = "57c0d7b74b563b49d38dae00a0c37d4d6de9b432382b2892f0574ddcae73fd0a"

[[package]]
name = "proc-macro2"
version = "1.0.107"
source = "registry+https://github.com/rust-lang/crates.io-index"
checksum = "985e7ec9bb745e6ce6535b544d84d6cd6f7ad8bd711c398938ae983b91a766d9"
dependencies = [
 "unicode-ident",
]

[[package]]
name = "quote"
version = "1.0.47"
source = "registry+https://github.com/rust-lang/crates.io-index"
checksum = "1fbf4db142a473a8d80c26bbf18454ed458bf8d26c8219c331daecfdbd079001"
dependencies = [
 "proc-macro2",
]

[[package]]
name = "skyline"
version = "0.6.0"
source = "git+https://github.com/ultimate-research/skyline-rs.git#6b52d321275639f26c2371d8142550ba0013a5e4"
dependencies = [
 "libc-nnsdk 0.5.0",
 "nnsdk 0.6.2 (registry+https://github.com/rust-lang/crates.io-index)",
 "skyline_macro",
]

[[package]]
name = "skyline_macro"
version = "0.2.1"
source = "git+https://github.com/ultimate-research/skyline-rs.git#6b52d321275639f26c2371d8142550ba0013a5e4"
dependencies = [
 "lazy_static",
 "proc-macro2",
 "quote",
 "syn",
]

[[package]]
name = "skyline_smash"
version = "0.1.0"
source = "git+https://github.com/ultimate-research/skyline-smash.git#bed642e37da23bbf2db2544bb6ac119007d1cbf0"
dependencies = [
 "compile-time-lua-bind-hash",
 "lazy_static",
 "libc-nnsdk 0.4.0",
 "nnsdk 0.6.2 (git+https://github.com/ultimate-research/nnsdk-rs)",
 "paste",
 "skyline",
]

[[package]]
name = "syn"
version = "1.0.109"
source = "registry+https://github.com/rust-lang/crates.io-index"
checksum = "72b64191b275b66ffe2469e8af2c1cfe3bafa67b529ead792a6d0160888b4237"
dependencies = [
 "proc-macro2",
 "quote",
 "unicode-ident",
]

[[package]]
name = "unicode-ident"
version = "1.0.26"
source = "registry+https://github.com/rust-lang/crates.io-index"
checksum = "d245f478577f809a851594d02313b640fb437e0bb33866753cff937863096954"
